# THIS IS AN AUTOGENERATED FILE. DO NOT EDIT THIS FILE DIRECTLY.
# yarn lockfile v1


"@koala-live/crc32@^0.1.1":
  version "0.1.1"
  resolved "https://registry.yarnpkg.com/@koala-live/crc32/-/crc32-0.1.1.tgz#ea3bbc3c591fe164efc8083542509d213e479223"
  integrity sha512-cA0S2hPZpVGZxYfYP4r/0+jgcpXHTn7pP56OBcGe/FgfWaPxj3RBH4FdRoFNxZuF7mapE/bBzyICF6fcB3RghA==

"@koala-live/edge-api-client@^0.5.0":
  version "0.5.0"
  resolved "https://registry.yarnpkg.com/@koala-live/edge-api-client/-/edge-api-client-0.5.0.tgz#2fc276934115b0790b42ecf019d518c256c14f47"
  integrity sha512-Tzki8JXWrBdRuPLYFIBn4oKkdgj2q48C1pVjb5/IHEWSnOBEEyHFY2Xp8MAH5LGVQ0xb5VWK2cT92jrfnHsC4A==
  dependencies:
    "@koala-live/js-bloom" "0.1.1"
    dayjs "^1.10.7"
    flattie "^1.1.0"

"@koala-live/js-bloom@0.1.1":
  version "0.1.1"
  resolved "https://registry.yarnpkg.com/@koala-live/js-bloom/-/js-bloom-0.1.1.tgz#c92b71fc8f6203258d764cfd62ce30fc763c525b"
  integrity sha512-ihfPeXEulIk/O6L5HCquU0Y+nJUIW1HJDLlck92fafqbDgTzhGP0VgrJw1sYSLTNhn5yoyHwVMFliqyw1pgZ9w==

"@types/uuid@^8.3.4":
  version "8.3.4"
  resolved "https://registry.yarnpkg.com/@types/uuid/-/uuid-8.3.4.tgz#bd86a43617df0594787d38b735f55c805becf1bc"
  integrity sha512-c/I8ZRb51j+pYGAu5CrFMRxqZ2ke4y2grEBO5AUjgSkSk+qT2Ea+OdWElz/OiMf5MNpn2b17kuVBwZLQJXzihw==

dayjs@^1.10.7:
  version "1.10.7"
  resolved "https://registry.yarnpkg.com/dayjs/-/dayjs-1.10.7.tgz#2cf5f91add28116748440866a0a1d26f3a6ce468"
  integrity sha512-P6twpd70BcPK34K26uJ1KT3wlhpuOAPoMwJzpsIWUxHZ7wpmbdZL/hQqBDfz7hGurYSa5PhzdhDHtt319hL3ig==

flattie@^1.1.0:
  version "1.1.0"
  resolved "https://registry.yarnpkg.com/flattie/-/flattie-1.1.0.tgz#1459504209f2001c478751b4e2fb69d6b1ee3241"
  integrity sha512-xU99gDEnciIwJdGcBmNHnzTJ/w5AT+VFJOu6sTB6WM8diOYNA3Sa+K1DiEBQ7XH4QikQq3iFW1U+jRVcotQnBw==

uuid@^8.3.2:
  version "8.3.2"
  resolved "https://registry.yarnpkg.com/uuid/-/uuid-8.3.2.tgz#80d5b5ced271bb9af6c445f21a1a04c606cefbe2"
  integrity sha512-+NYs2QeMWy+GWFOEm9xnn6HCDp0l7QBD7ml8zLUmJ+93Q5NF0NocErnwkTkXVFNiX3/fpC6afS8Dhb/gz7R7eg==
