# THIS IS AN AUTOGENERATED FILE. DO NOT EDIT THIS FILE DIRECTLY.
# yarn lockfile v1


"@getkoala/crc32@^0.1.1":
  version "0.1.1"
  resolved "https://registry.yarnpkg.com/@getkoala/crc32/-/crc32-0.1.1.tgz#a2684773b10fafadd4c5c2546c7b23056fcb4a5f"
  integrity sha512-XDoWaxBrZHAWc8+TcDe0IF/23AHiEfyMC38RwYy+x3a4fHsZU99tS30z+Ws1Oyi2Cp8Uvj+RgFMERaFD2CUI7A==

"@getkoala/edge-api-client@^0.5.0":
  version "0.8.0"
  resolved "https://registry.yarnpkg.com/@getkoala/edge-api-client/-/edge-api-client-0.8.0.tgz#5a1a27ce00c073c45adf08b850fcf0b2842f7b65"
  integrity sha512-NxILGw6pEJ67g/BGE0jMMK9rhVMdu/Kf3JdHDs3knXYMo4/SES9hFNbdBh9NZmtUlOO3CGqathhQPJXe0B/gpQ==
  dependencies:
    "@getkoala/js-bloom" "0.1.1"
    flattie "^1.1.0"

"@getkoala/js-bloom@0.1.1":
  version "0.1.1"
  resolved "https://registry.yarnpkg.com/@getkoala/js-bloom/-/js-bloom-0.1.1.tgz#45afbd10695f6c0c28caab744b6ef35143e620bf"
  integrity sha512-SJVuY1cHwZHJmrl4dYc72pNi1aR8a0HsGJw3cT4ziyV5KXwYy83HcR/YiVX2qer8Z9Ak+rp79zzz9oa22klkLQ==

"@types/uuid@^8.3.4":
  version "8.3.4"
  resolved "https://registry.yarnpkg.com/@types/uuid/-/uuid-8.3.4.tgz#bd86a43617df0594787d38b735f55c805becf1bc"
  integrity sha512-c/I8ZRb51j+pYGAu5CrFMRxqZ2ke4y2grEBO5AUjgSkSk+qT2Ea+OdWElz/OiMf5MNpn2b17kuVBwZLQJXzihw==

flattie@^1.1.0:
  version "1.1.0"
  resolved "https://registry.yarnpkg.com/flattie/-/flattie-1.1.0.tgz#1459504209f2001c478751b4e2fb69d6b1ee3241"
  integrity sha512-xU99gDEnciIwJdGcBmNHnzTJ/w5AT+VFJOu6sTB6WM8diOYNA3Sa+K1DiEBQ7XH4QikQq3iFW1U+jRVcotQnBw==

uuid@^8.3.2:
  version "8.3.2"
  resolved "https://registry.yarnpkg.com/uuid/-/uuid-8.3.2.tgz#80d5b5ced271bb9af6c445f21a1a04c606cefbe2"
  integrity sha512-+NYs2QeMWy+GWFOEm9xnn6HCDp0l7QBD7ml8zLUmJ+93Q5NF0NocErnwkTkXVFNiX3/fpC6afS8Dhb/gz7R7eg==
